// !$*UTF8*$!
{
	archiveVersion = 1;
	classes = {
	};
	objectVersion = 50;
	objects = {

/* Begin PBXBuildFile section */
		8679686E23143CC900F8225E /* CloudKit.framework in Frameworks */ = {isa = PBXBuildFile; fileRef = 8679686D23143CC900F8225E /* CloudKit.framework */; };
		867968722314419200F8225E /* HypeTableViewController.swift in Sources */ = {isa = PBXBuildFile; fileRef = 867968712314419200F8225E /* HypeTableViewController.swift */; };
		867968752314423B00F8225E /* Hype.swift in Sources */ = {isa = PBXBuildFile; fileRef = 867968742314423B00F8225E /* Hype.swift */; };
		8679687823144A6900F8225E /* HypeController.swift in Sources */ = {isa = PBXBuildFile; fileRef = 8679687723144A6900F8225E /* HypeController.swift */; };
		86A0A7D22314395F00192CB9 /* AppDelegate.swift in Sources */ = {isa = PBXBuildFile; fileRef = 86A0A7D12314395F00192CB9 /* AppDelegate.swift */; };
		86A0A7D72314395F00192CB9 /* Main.storyboard in Resources */ = {isa = PBXBuildFile; fileRef = 86A0A7D52314395F00192CB9 /* Main.storyboard */; };
		86A0A7D92314396000192CB9 /* Assets.xcassets in Resources */ = {isa = PBXBuildFile; fileRef = 86A0A7D82314396000192CB9 /* Assets.xcassets */; };
		86A0A7DC2314396000192CB9 /* LaunchScreen.storyboard in Resources */ = {isa = PBXBuildFile; fileRef = 86A0A7DA2314396000192CB9 /* LaunchScreen.storyboard */; };
/* End PBXBuildFile section */

/* Begin PBXFileReference section */
		8679686B23143CC300F8225E /* CloudKidHype.entitlements */ = {isa = PBXFileReference; lastKnownFileType = text.plist.entitlements; path = CloudKidHype.entitlements; sourceTree = "<group>"; };
		8679686D23143CC900F8225E /* CloudKit.framework */ = {isa = PBXFileReference; lastKnownFileType = wrapper.framework; name = CloudKit.framework; path = System/Library/Frameworks/CloudKit.framework; sourceTree = SDKROOT; };
		867968712314419200F8225E /* HypeTableViewController.swift */ = {isa = PBXFileReference; lastKnownFileType = sourcecode.swift; path = HypeTableViewController.swift; sourceTree = "<group>"; };
		867968742314423B00F8225E /* Hype.swift */ = {isa = PBXFileReference; lastKnownFileType = sourcecode.swift; path = Hype.swift; sourceTree = "<group>"; };
		8679687723144A6900F8225E /* HypeController.swift */ = {isa = PBXFileReference; lastKnownFileType = sourcecode.swift; path = HypeController.swift; sourceTree = "<group>"; };
		86A0A7CE2314395F00192CB9 /* CloudKidHype.app */ = {isa = PBXFileReference; explicitFileType = wrapper.application; includeInIndex = 0; path = CloudKidHype.app; sourceTree = BUILT_PRODUCTS_DIR; };
		86A0A7D12314395F00192CB9 /* AppDelegate.swift */ = {isa = PBXFileReference; lastKnownFileType = sourcecode.swift; path = AppDelegate.swift; sourceTree = "<group>"; };
		86A0A7D62314395F00192CB9 /* Base */ = {isa = PBXFileReference; lastKnownFileType = file.storyboard; name = Base; path = Base.lproj/Main.storyboard; sourceTree = "<group>"; };
		86A0A7D82314396000192CB9 /* Assets.xcassets */ = {isa = PBXFileReference; lastKnownFileType = folder.assetcatalog; path = Assets.xcassets; sourceTree = "<group>"; };
		86A0A7DB2314396000192CB9 /* Base */ = {isa = PBXFileReference; lastKnownFileType = file.storyboard; name = Base; path = Base.lproj/LaunchScreen.storyboard; sourceTree = "<group>"; };
		86A0A7DD2314396000192CB9 /* Info.plist */ = {isa = PBXFileReference; lastKnownFileType = text.plist.xml; path = Info.plist; sourceTree = "<group>"; };
/* End PBXFileReference section */

/* Begin PBXFrameworksBuildPhase section */
		86A0A7CB2314395F00192CB9 /* Frameworks */ = {
			isa = PBXFrameworksBuildPhase;
			buildActionMask = 2147483647;
			files = (
				8679686E23143CC900F8225E /* CloudKit.framework in Frameworks */,
			);
			runOnlyForDeploymentPostprocessing = 0;
		};
/* End PBXFrameworksBuildPhase section */

/* Begin PBXGroup section */
		86796869231439F100F8225E /* Resources */ = {
			isa = PBXGroup;
			children = (
				86A0A7D12314395F00192CB9 /* AppDelegate.swift */,
				86A0A7D82314396000192CB9 /* Assets.xcassets */,
				86A0A7DD2314396000192CB9 /* Info.plist */,
			);
			path = Resources;
			sourceTree = "<group>";
		};
		8679686A23143A0700F8225E /* UI */ = {
			isa = PBXGroup;
			children = (
				86A0A7D52314395F00192CB9 /* Main.storyboard */,
				86A0A7DA2314396000192CB9 /* LaunchScreen.storyboard */,
			);
			path = UI;
			sourceTree = "<group>";
		};
		8679686C23143CC900F8225E /* Frameworks */ = {
			isa = PBXGroup;
			children = (
				8679686D23143CC900F8225E /* CloudKit.framework */,
			);
			name = Frameworks;
			sourceTree = "<group>";
		};
		867968732314419500F8225E /* View Controllers */ = {
			isa = PBXGroup;
			children = (
				867968712314419200F8225E /* HypeTableViewController.swift */,
			);
			path = "View Controllers";
			sourceTree = "<group>";
		};
		867968762314423E00F8225E /* Models */ = {
			isa = PBXGroup;
			children = (
				867968742314423B00F8225E /* Hype.swift */,
			);
			path = Models;
			sourceTree = "<group>";
		};
		8679687923144A6C00F8225E /* Model Controllers */ = {
			isa = PBXGroup;
			children = (
				8679687723144A6900F8225E /* HypeController.swift */,
			);
			path = "Model Controllers";
			sourceTree = "<group>";
		};
		86A0A7C52314395E00192CB9 = {
			isa = PBXGroup;
			children = (
				86A0A7D02314395F00192CB9 /* CloudKidHype */,
				86A0A7CF2314395F00192CB9 /* Products */,
				8679686C23143CC900F8225E /* Frameworks */,
			);
			sourceTree = "<group>";
		};
		86A0A7CF2314395F00192CB9 /* Products */ = {
			isa = PBXGroup;
			children = (
				86A0A7CE2314395F00192CB9 /* CloudKidHype.app */,
			);
			name = Products;
			sourceTree = "<group>";
		};
		86A0A7D02314395F00192CB9 /* CloudKidHype */ = {
			isa = PBXGroup;
			children = (
				8679686B23143CC300F8225E /* CloudKidHype.entitlements */,
				8679686A23143A0700F8225E /* UI */,
				867968732314419500F8225E /* View Controllers */,
				867968762314423E00F8225E /* Models */,
				8679687923144A6C00F8225E /* Model Controllers */,
				86796869231439F100F8225E /* Resources */,
			);
			path = CloudKidHype;
			sourceTree = "<group>";
		};
/* End PBXGroup section */

/* Begin PBXNativeTarget section */
		86A0A7CD2314395F00192CB9 /* CloudKidHype */ = {
			isa = PBXNativeTarget;
			buildConfigurationList = 86A0A7E02314396000192CB9 /* Build configuration list for PBXNativeTarget "CloudKidHype" */;
			buildPhases = (
				86A0A7CA2314395F00192CB9 /* Sources */,
				86A0A7CB2314395F00192CB9 /* Frameworks */,
				86A0A7CC2314395F00192CB9 /* Resources */,
			);
			buildRules = (
			);
			dependencies = (
			);
			name = CloudKidHype;
			productName = CloudKidHype;
			productReference = 86A0A7CE2314395F00192CB9 /* CloudKidHype.app */;
			productType = "com.apple.product-type.application";
		};
/* End PBXNativeTarget section */

/* Begin PBXProject section */
		86A0A7C62314395E00192CB9 /* Project object */ = {
			isa = PBXProject;
			attributes = {
				LastSwiftUpdateCheck = 1020;
				LastUpgradeCheck = 1020;
				ORGANIZATIONNAME = "Jax Tubbs";
				TargetAttributes = {
					86A0A7CD2314395F00192CB9 = {
						CreatedOnToolsVersion = 10.2.1;
						SystemCapabilities = {
							com.apple.InAppPurchase = {
								enabled = 0;
							};
							com.apple.Push = {
								enabled = 1;
							};
							com.apple.iCloud = {
								enabled = 1;
							};
						};
					};
				};
			};
			buildConfigurationList = 86A0A7C92314395E00192CB9 /* Build configuration list for PBXProject "CloudKidHype" */;
			compatibilityVersion = "Xcode 9.3";
			developmentRegion = en;
			hasScannedForEncodings = 0;
			knownRegions = (
				en,
				Base,
			);
			mainGroup = 86A0A7C52314395E00192CB9;
			productRefGroup = 86A0A7CF2314395F00192CB9 /* Products */;
			projectDirPath = "";
			projectRoot = "";
			targets = (
				86A0A7CD2314395F00192CB9 /* CloudKidHype */,
			);
		};
/* End PBXProject section */

/* Begin PBXResourcesBuildPhase section */
		86A0A7CC2314395F00192CB9 /* Resources */ = {
			isa = PBXResourcesBuildPhase;
			buildActionMask = 2147483647;
			files = (
				86A0A7DC2314396000192CB9 /* LaunchScreen.storyboard in Resources */,
				86A0A7D92314396000192CB9 /* Assets.xcassets in Resources */,
				86A0A7D72314395F00192CB9 /* Main.storyboard in Resources */,
			);
			runOnlyForDeploymentPostprocessing = 0;
		};
/* End PBXResourcesBuildPhase section */

/* Begin PBXSourcesBuildPhase section */
		86A0A7CA2314395F00192CB9 /* Sources */ = {
			isa = PBXSourcesBuildPhase;
			buildActionMask = 2147483647;
			files = (
				86A0A7D22314395F00192CB9 /* AppDelegate.swift in Sources */,
				8679687823144A6900F8225E /* HypeController.swift in Sources */,
				867968722314419200F8225E /* HypeTableViewController.swift in Sources */,
				867968752314423B00F8225E /* Hype.swift in Sources */,
			);
			runOnlyForDeploymentPostprocessing = 0;
		};
/* End PBXSourcesBuildPhase section */

/* Begin PBXVariantGroup section */
		86A0A7D52314395F00192CB9 /* Main.storyboard */ = {
			isa = PBXVariantGroup;
			children = (
				86A0A7D62314395F00192CB9 /* Base */,
			);
			name = Main.storyboard;
			sourceTree = "<group>";
		};
		86A0A7DA2314396000192CB9 /* LaunchScreen.storyboard */ = {
			isa = PBXVariantGroup;
			children = (
				86A0A7DB2314396000192CB9 /* Base */,
			);
			name = LaunchScreen.storyboard;
			sourceTree = "<group>";
		};
/* End PBXVariantGroup section */

/* Begin XCBuildConfiguration section */
		86A0A7DE2314396000192CB9 /* Debug */ = {
			isa = XCBuildConfiguration;
			buildSettings = {
				ALWAYS_SEARCH_USER_PATHS = NO;
				CLANG_ANALYZER_NONNULL = YES;
				CLANG_ANALYZER_NUMBER_OBJECT_CONVERSION = YES_AGGRESSIVE;
				CLANG_CXX_LANGUAGE_STANDARD = "gnu++14";
				CLANG_CXX_LIBRARY = "libc++";
				CLANG_ENABLE_MODULES = YES;
				CLANG_ENABLE_OBJC_ARC = YES;
				CLANG_ENABLE_OBJC_WEAK = YES;
				CLANG_WARN_BLOCK_CAPTURE_AUTORELEASING = YES;
				CLANG_WARN_BOOL_CONVERSION = YES;
				CLANG_WARN_COMMA = YES;
				CLANG_WARN_CONSTANT_CONVERSION = YES;
				CLANG_WARN_DEPRECATED_OBJC_IMPLEMENTATIONS = YES;
				CLANG_WARN_DIRECT_OBJC_ISA_USAGE = YES_ERROR;
				CLANG_WARN_DOCUMENTATION_COMMENTS = YES;
				CLANG_WARN_EMPTY_BODY = YES;
				CLANG_WARN_ENUM_CONVERSION = YES;
				CLANG_WARN_INFINITE_RECURSION = YES;
				CLANG_WARN_INT_CONVERSION = YES;
				CLANG_WARN_NON_LITERAL_NULL_CONVERSION = YES;
				CLANG_WARN_OBJC_IMPLICIT_RETAIN_SELF = YES;
				CLANG_WARN_OBJC_LITERAL_CONVERSION = YES;
				CLANG_WARN_OBJC_ROOT_CLASS = YES_ERROR;
				CLANG_WARN_RANGE_LOOP_ANALYSIS = YES;
				CLANG_WARN_STRICT_PROTOTYPES = YES;
				CLANG_WARN_SUSPICIOUS_MOVE = YES;
				CLANG_WARN_UNGUARDED_AVAILABILITY = YES_AGGRESSIVE;
				CLANG_WARN_UNREACHABLE_CODE = YES;
				CLANG_WARN__DUPLICATE_METHOD_MATCH = YES;
				CODE_SIGN_IDENTITY = "iPhone Developer";
				COPY_PHASE_STRIP = NO;
				DEBUG_INFORMATION_FORMAT = dwarf;
				ENABLE_STRICT_OBJC_MSGSEND = YES;
				ENABLE_TESTABILITY = YES;
				GCC_C_LANGUAGE_STANDARD = gnu11;
				GCC_DYNAMIC_NO_PIC = NO;
				GCC_NO_COMMON_BLOCKS = YES;
				GCC_OPTIMIZATION_LEVEL = 0;
				GCC_PREPROCESSOR_DEFINITIONS = (
					"DEBUG=1",
					"$(inherited)",
				);
				GCC_WARN_64_TO_32_BIT_CONVERSION = YES;
				GCC_WARN_ABOUT_RETURN_TYPE = YES_ERROR;
				GCC_WARN_UNDECLARED_SELECTOR = YES;
				GCC_WARN_UNINITIALIZED_AUTOS = YES_AGGRESSIVE;
				GCC_WARN_UNUSED_FUNCTION = YES;
				GCC_WARN_UNUSED_VARIABLE = YES;
				IPHONEOS_DEPLOYMENT_TARGET = 12.2;
				MTL_ENABLE_DEBUG_INFO = INCLUDE_SOURCE;
				MTL_FAST_MATH = YES;
				ONLY_ACTIVE_ARCH = YES;
				SDKROOT = iphoneos;
				SWIFT_ACTIVE_COMPILATION_CONDITIONS = DEBUG;
				SWIFT_OPTIMIZATION_LEVEL = "-Onone";
			};
			name = Debug;
		};
		86A0A7DF2314396000192CB9 /* Release */ = {
			isa = XCBuildConfiguration;
			buildSettings = {
				ALWAYS_SEARCH_USER_PATHS = NO;
				CLANG_ANALYZER_NONNULL = YES;
				CLANG_ANALYZER_NUMBER_OBJECT_CONVERSION = YES_AGGRESSIVE;
				CLANG_CXX_LANGUAGE_STANDARD = "gnu++14";
				CLANG_CXX_LIBRARY = "libc++";
				CLANG_ENABLE_MODULES = YES;
				CLANG_ENABLE_OBJC_ARC = YES;
				CLANG_ENABLE_OBJC_WEAK = YES;
				CLANG_WARN_BLOCK_CAPTURE_AUTORELEASING = YES;
				CLANG_WARN_BOOL_CONVERSION = YES;
				CLANG_WARN_COMMA = YES;
				CLANG_WARN_CONSTANT_CONVERSION = YES;
				CLANG_WARN_DEPRECATED_OBJC_IMPLEMENTATIONS = YES;
				CLANG_WARN_DIRECT_OBJC_ISA_USAGE = YES_ERROR;
				CLANG_WARN_DOCUMENTATION_COMMENTS = YES;
				CLANG_WARN_EMPTY_BODY = YES;
				CLANG_WARN_ENUM_CONVERSION = YES;
				CLANG_WARN_INFINITE_RECURSION = YES;
				CLANG_WARN_INT_CONVERSION = YES;
				CLANG_WARN_NON_LITERAL_NULL_CONVERSION = YES;
				CLANG_WARN_OBJC_IMPLICIT_RETAIN_SELF = YES;
				CLANG_WARN_OBJC_LITERAL_CONVERSION = YES;
				CLANG_WARN_OBJC_ROOT_CLASS = YES_ERROR;
				CLANG_WARN_RANGE_LOOP_ANALYSIS = YES;
				CLANG_WARN_STRICT_PROTOTYPES = YES;
				CLANG_WARN_SUSPICIOUS_MOVE = YES;
				CLANG_WARN_UNGUARDED_AVAILABILITY = YES_AGGRESSIVE;
				CLANG_WARN_UNREACHABLE_CODE = YES;
				CLANG_WARN__DUPLICATE_METHOD_MATCH = YES;
				CODE_SIGN_IDENTITY = "iPhone Developer";
				COPY_PHASE_STRIP = NO;
				DEBUG_INFORMATION_FORMAT = "dwarf-with-dsym";
				ENABLE_NS_ASSERTIONS = NO;
				ENABLE_STRICT_OBJC_MSGSEND = YES;
				GCC_C_LANGUAGE_STANDARD = gnu11;
				GCC_NO_COMMON_BLOCKS = YES;
				GCC_WARN_64_TO_32_BIT_CONVERSION = YES;
				GCC_WARN_ABOUT_RETURN_TYPE = YES_ERROR;
				GCC_WARN_UNDECLARED_SELECTOR = YES;
				GCC_WARN_UNINITIALIZED_AUTOS = YES_AGGRESSIVE;
				GCC_WARN_UNUSED_FUNCTION = YES;
				GCC_WARN_UNUSED_VARIABLE = YES;
				IPHONEOS_DEPLOYMENT_TARGET = 12.2;
				MTL_ENABLE_DEBUG_INFO = NO;
				MTL_FAST_MATH = YES;
				SDKROOT = iphoneos;
				SWIFT_COMPILATION_MODE = wholemodule;
				SWIFT_OPTIMIZATION_LEVEL = "-O";
				VALIDATE_PRODUCT = YES;
			};
			name = Release;
		};
		86A0A7E12314396000192CB9 /* Debug */ = {
			isa = XCBuildConfiguration;
			buildSettings = {
				ASSETCATALOG_COMPILER_APPICON_NAME = AppIcon;
				CODE_SIGN_ENTITLEMENTS = CloudKidHype/CloudKidHype.entitlements;
				CODE_SIGN_STYLE = Automatic;
				DEVELOPMENT_TEAM = 2WP5X762NJ;
				INFOPLIST_FILE = "$(SRCROOT)/CloudKidHype/Resources/Info.plist";
				LD_RUNPATH_SEARCH_PATHS = (
					"$(inherited)",
					"@executable_path/Frameworks",
				);
				PRODUCT_BUNDLE_IDENTIFIER = Decknot.CloudKidHype;
				PRODUCT_NAME = "$(TARGET_NAME)";
				SWIFT_VERSION = 5.0;
				TARGETED_DEVICE_FAMILY = "1,2";
			};
			name = Debug;
		};
		86A0A7E22314396000192CB9 /* Release */ = {
			isa = XCBuildConfiguration;
			buildSettings = {
				ASSETCATALOG_COMPILER_APPICON_NAME = AppIcon;
				CODE_SIGN_ENTITLEMENTS = CloudKidHype/CloudKidHype.entitlements;
				CODE_SIGN_STYLE = Automatic;
				DEVELOPMENT_TEAM = 2WP5X762NJ;
				INFOPLIST_FILE = "$(SRCROOT)/CloudKidHype/Resources/Info.plist";
				LD_RUNPATH_SEARCH_PATHS = (
					"$(inherited)",
					"@executable_path/Frameworks",
				);
				PRODUCT_BUNDLE_IDENTIFIER = Decknot.CloudKidHype;
				PRODUCT_NAME = "$(TARGET_NAME)";
				SWIFT_VERSION = 5.0;
				TARGETED_DEVICE_FAMILY = "1,2";
			};
			name = Release;
		};
/* End XCBuildConfiguration section */

/* Begin XCConfigurationList section */
		86A0A7C92314395E00192CB9 /* Build configuration list for PBXProject "CloudKidHype" */ = {
			isa = XCConfigurationList;
			buildConfigurations = (
				86A0A7DE2314396000192CB9 /* Debug */,
				86A0A7DF2314396000192CB9 /* Release */,
			);
			defaultConfigurationIsVisible = 0;
			defaultConfigurationName = Release;
		};
		86A0A7E02314396000192CB9 /* Build configuration list for PBXNativeTarget "CloudKidHype" */ = {
			isa = XCConfigurationList;
			buildConfigurations = (
				86A0A7E12314396000192CB9 /* Debug */,
				86A0A7E22314396000192CB9 /* Release */,
			);
			defaultConfigurationIsVisible = 0;
			defaultConfigurationName = Release;
		};
/* End XCConfigurationList section */
	};
	rootObject = 86A0A7C62314395E00192CB9 /* Project object */;
}
